// !$*UTF8*$!
{
	archiveVersion = 1;
	classes = {
	};
	objectVersion = 50;
	objects = {

/* Begin PBXBuildFile section */
		F81A8A9227562F1D0019AF41 /* main.swift in Sources */ = {isa = PBXBuildFile; fileRef = F81A8A9127562F1D0019AF41 /* main.swift */; };
		F81A8AA027562F480019AF41 /* UnknownAlgorithmsTests.swift in Sources */ = {isa = PBXBuildFile; fileRef = F81A8A9F27562F480019AF41 /* UnknownAlgorithmsTests.swift */; };
		F81A8AA8275631510019AF41 /* UnknownAlgorithms.swift in Sources */ = {isa = PBXBuildFile; fileRef = F81A8AA7275631510019AF41 /* UnknownAlgorithms.swift */; };
		F81A8AB0275633750019AF41 /* UnknownAlgorithms.swift in Sources */ = {isa = PBXBuildFile; fileRef = F81A8AA7275631510019AF41 /* UnknownAlgorithms.swift */; };
/* End PBXBuildFile section */

/* Begin PBXCopyFilesBuildPhase section */
		F81A8A8C27562F1D0019AF41 /* CopyFiles */ = {
			isa = PBXCopyFilesBuildPhase;
			buildActionMask = 2147483647;
			dstPath = /usr/share/man/man1/;
			dstSubfolderSpec = 0;
			files = (
			);
			runOnlyForDeploymentPostprocessing = 1;
		};
/* End PBXCopyFilesBuildPhase section */

/* Begin PBXFileReference section */
		F81A8A8E27562F1D0019AF41 /* UnknownAlgorithms */ = {isa = PBXFileReference; explicitFileType = "compiled.mach-o.executable"; includeInIndex = 0; path = UnknownAlgorithms; sourceTree = BUILT_PRODUCTS_DIR; };
		F81A8A9127562F1D0019AF41 /* main.swift */ = {isa = PBXFileReference; lastKnownFileType = sourcecode.swift; path = main.swift; sourceTree = "<group>"; };
		F81A8A9D27562F480019AF41 /* UnknownAlgorithmsTests.xctest */ = {isa = PBXFileReference; explicitFileType = wrapper.cfbundle; includeInIndex = 0; path = UnknownAlgorithmsTests.xctest; sourceTree = BUILT_PRODUCTS_DIR; };
		F81A8A9F27562F480019AF41 /* UnknownAlgorithmsTests.swift */ = {isa = PBXFileReference; lastKnownFileType = sourcecode.swift; path = UnknownAlgorithmsTests.swift; sourceTree = "<group>"; };
		F81A8AA127562F480019AF41 /* Info.plist */ = {isa = PBXFileReference; lastKnownFileType = text.plist.xml; path = Info.plist; sourceTree = "<group>"; };
		F81A8AA7275631510019AF41 /* UnknownAlgorithms.swift */ = {isa = PBXFileReference; lastKnownFileType = sourcecode.swift; path = UnknownAlgorithms.swift; sourceTree = "<group>"; };
/* End PBXFileReference section */

/* Begin PBXFrameworksBuildPhase section */
		F81A8A8B27562F1D0019AF41 /* Frameworks */ = {
			isa = PBXFrameworksBuildPhase;
			buildActionMask = 2147483647;
			files = (
			);
			runOnlyForDeploymentPostprocessing = 0;
		};
		F81A8A9A27562F480019AF41 /* Frameworks */ = {
			isa = PBXFrameworksBuildPhase;
			buildActionMask = 2147483647;
			files = (
			);
			runOnlyForDeploymentPostprocessing = 0;
		};
/* End PBXFrameworksBuildPhase section */

/* Begin PBXGroup section */
		F81A8A8527562F1D0019AF41 = {
			isa = PBXGroup;
			children = (
				F81A8A9027562F1D0019AF41 /* UnknownAlgorithms */,
				F81A8A9E27562F480019AF41 /* UnknownAlgorithmsTests */,
				F81A8A8F27562F1D0019AF41 /* Products */,
			);
			sourceTree = "<group>";
		};
		F81A8A8F27562F1D0019AF41 /* Products */ = {
			isa = PBXGroup;
			children = (
				F81A8A8E27562F1D0019AF41 /* UnknownAlgorithms */,
				F81A8A9D27562F480019AF41 /* UnknownAlgorithmsTests.xctest */,
			);
			name = Products;
			sourceTree = "<group>";
		};
		F81A8A9027562F1D0019AF41 /* UnknownAlgorithms */ = {
			isa = PBXGroup;
			children = (
				F81A8A9127562F1D0019AF41 /* main.swift */,
				F81A8AA7275631510019AF41 /* UnknownAlgorithms.swift */,
			);
			path = UnknownAlgorithms;
			sourceTree = "<group>";
		};
		F81A8A9E27562F480019AF41 /* UnknownAlgorithmsTests */ = {
			isa = PBXGroup;
			children = (
				F81A8A9F27562F480019AF41 /* UnknownAlgorithmsTests.swift */,
				F81A8AA127562F480019AF41 /* Info.plist */,
			);
			path = UnknownAlgorithmsTests;
			sourceTree = "<group>";
		};
/* End PBXGroup section */

/* Begin PBXNativeTarget section */
		F81A8A8D27562F1D0019AF41 /* UnknownAlgorithms */ = {
			isa = PBXNativeTarget;
			buildConfigurationList = F81A8A9527562F1D0019AF41 /* Build configuration list for PBXNativeTarget "UnknownAlgorithms" */;
			buildPhases = (
				F81A8A8A27562F1D0019AF41 /* Sources */,
				F81A8A8B27562F1D0019AF41 /* Frameworks */,
				F81A8A8C27562F1D0019AF41 /* CopyFiles */,
			);
			buildRules = (
			);
			dependencies = (
			);
			name = UnknownAlgorithms;
			productName = UnknownAlgorithms;
			productReference = F81A8A8E27562F1D0019AF41 /* UnknownAlgorithms */;
			productType = "com.apple.product-type.tool";
		};
		F81A8A9C27562F480019AF41 /* UnknownAlgorithmsTests */ = {
			isa = PBXNativeTarget;
			buildConfigurationList = F81A8AA227562F480019AF41 /* Build configuration list for PBXNativeTarget "UnknownAlgorithmsTests" */;
			buildPhases = (
				F81A8A9927562F480019AF41 /* Sources */,
				F81A8A9A27562F480019AF41 /* Frameworks */,
				F81A8A9B27562F480019AF41 /* Resources */,
			);
			buildRules = (
			);
			dependencies = (
			);
			name = UnknownAlgorithmsTests;
			productName = UnknownAlgorithmsTests;
			productReference = F81A8A9D27562F480019AF41 /* UnknownAlgorithmsTests.xctest */;
			productType = "com.apple.product-type.bundle.unit-test";
		};
/* End PBXNativeTarget section */

/* Begin PBXProject section */
		F81A8A8627562F1D0019AF41 /* Project object */ = {
			isa = PBXProject;
			attributes = {
				LastSwiftUpdateCheck = 1240;
				LastUpgradeCheck = 1240;
				TargetAttributes = {
					F81A8A8D27562F1D0019AF41 = {
						CreatedOnToolsVersion = 12.4;
					};
					F81A8A9C27562F480019AF41 = {
						CreatedOnToolsVersion = 12.4;
					};
				};
			};
			buildConfigurationList = F81A8A8927562F1D0019AF41 /* Build configuration list for PBXProject "UnknownAlgorithms" */;
			compatibilityVersion = "Xcode 9.3";
			developmentRegion = en;
			hasScannedForEncodings = 0;
			knownRegions = (
				en,
				Base,
			);
			mainGroup = F81A8A8527562F1D0019AF41;
			productRefGroup = F81A8A8F27562F1D0019AF41 /* Products */;
			projectDirPath = "";
			projectRoot = "";
			targets = (
				F81A8A8D27562F1D0019AF41 /* UnknownAlgorithms */,
				F81A8A9C27562F480019AF41 /* UnknownAlgorithmsTests */,
			);
		};
/* End PBXProject section */

/* Begin PBXResourcesBuildPhase section */
		F81A8A9B27562F480019AF41 /* Resources */ = {
			isa = PBXResourcesBuildPhase;
			buildActionMask = 2147483647;
			files = (
			);
			runOnlyForDeploymentPostprocessing = 0;
		};
/* End PBXResourcesBuildPhase section */

/* Begin PBXSourcesBuildPhase section */
		F81A8A8A27562F1D0019AF41 /* Sources */ = {
			isa = PBXSourcesBuildPhase;
			buildActionMask = 2147483647;
			files = (
				F81A8AA8275631510019AF41 /* UnknownAlgorithms.swift in Sources */,
				F81A8A9227562F1D0019AF41 /* main.swift in Sources */,
			);
			runOnlyForDeploymentPostprocessing = 0;
		};
		F81A8A9927562F480019AF41 /* Sources */ = {
			isa = PBXSourcesBuildPhase;
			buildActionMask = 2147483647;
			files = (
				F81A8AB0275633750019AF41 /* UnknownAlgorithms.swift in Sources */,
				F81A8AA027562F480019AF41 /* UnknownAlgorithmsTests.swift in Sources */,
			);
			runOnlyForDeploymentPostprocessing = 0;
		};
/* End PBXSourcesBuildPhase section */

/* Begin XCBuildConfiguration section */
		F81A8A9327562F1D0019AF41 /* Debug */ = {
			isa = XCBuildConfiguration;
			buildSettings = {
				ALWAYS_SEARCH_USER_PATHS = NO;
				CLANG_ANALYZER_NONNULL = YES;
				CLANG_ANALYZER_NUMBER_OBJECT_CONVERSION = YES_AGGRESSIVE;
				CLANG_CXX_LANGUAGE_STANDARD = "gnu++14";
				CLANG_CXX_LIBRARY = "libc++";
				CLANG_ENABLE_MODULES = YES;
				CLANG_ENABLE_OBJC_ARC = YES;
				CLANG_ENABLE_OBJC_WEAK = YES;
				CLANG_WARN_BLOCK_CAPTURE_AUTORELEASING = YES;
				CLANG_WARN_BOOL_CONVERSION = YES;
				CLANG_WARN_COMMA = YES;
				CLANG_WARN_CONSTANT_CONVERSION = YES;
				CLANG_WARN_DEPRECATED_OBJC_IMPLEMENTATIONS = YES;
				CLANG_WARN_DIRECT_OBJC_ISA_USAGE = YES_ERROR;
				CLANG_WARN_DOCUMENTATION_COMMENTS = YES;
				CLANG_WARN_EMPTY_BODY = YES;
				CLANG_WARN_ENUM_CONVERSION = YES;
				CLANG_WARN_INFINITE_RECURSION = YES;
				CLANG_WARN_INT_CONVERSION = YES;
				CLANG_WARN_NON_LITERAL_NULL_CONVERSION = YES;
				CLANG_WARN_OBJC_IMPLICIT_RETAIN_SELF = YES;
				CLANG_WARN_OBJC_LITERAL_CONVERSION = YES;
				CLANG_WARN_OBJC_ROOT_CLASS = YES_ERROR;
				CLANG_WARN_QUOTED_INCLUDE_IN_FRAMEWORK_HEADER = YES;
				CLANG_WARN_RANGE_LOOP_ANALYSIS = YES;
				CLANG_WARN_STRICT_PROTOTYPES = YES;
				CLANG_WARN_SUSPICIOUS_MOVE = YES;
				CLANG_WARN_UNGUARDED_AVAILABILITY = YES_AGGRESSIVE;
				CLANG_WARN_UNREACHABLE_CODE = YES;
				CLANG_WARN__DUPLICATE_METHOD_MATCH = YES;
				COPY_PHASE_STRIP = NO;
				DEBUG_INFORMATION_FORMAT = dwarf;
				ENABLE_STRICT_OBJC_MSGSEND = YES;
				ENABLE_TESTABILITY = YES;
				GCC_C_LANGUAGE_STANDARD = gnu11;
				GCC_DYNAMIC_NO_PIC = NO;
				GCC_NO_COMMON_BLOCKS = YES;
				GCC_OPTIMIZATION_LEVEL = 0;
				GCC_PREPROCESSOR_DEFINITIONS = (
					"DEBUG=1",
					"$(inherited)",
				);
				GCC_WARN_64_TO_32_BIT_CONVERSION = YES;
				GCC_WARN_ABOUT_RETURN_TYPE = YES_ERROR;
				GCC_WARN_UNDECLARED_SELECTOR = YES;
				GCC_WARN_UNINITIALIZED_AUTOS = YES_AGGRESSIVE;
				GCC_WARN_UNUSED_FUNCTION = YES;
				GCC_WARN_UNUSED_VARIABLE = YES;
				MACOSX_DEPLOYMENT_TARGET = 10.15;
				MTL_ENABLE_DEBUG_INFO = INCLUDE_SOURCE;
				MTL_FAST_MATH = YES;
				ONLY_ACTIVE_ARCH = YES;
				SDKROOT = macosx;
				SWIFT_ACTIVE_COMPILATION_CONDITIONS = DEBUG;
				SWIFT_OPTIMIZATION_LEVEL = "-Onone";
			};
			name = Debug;
		};
		F81A8A9427562F1D0019AF41 /* Release */ = {
			isa = XCBuildConfiguration;
			buildSettings = {
				ALWAYS_SEARCH_USER_PATHS = NO;
				CLANG_ANALYZER_NONNULL = YES;
				CLANG_ANALYZER_NUMBER_OBJECT_CONVERSION = YES_AGGRESSIVE;
				CLANG_CXX_LANGUAGE_STANDARD = "gnu++14";
				CLANG_CXX_LIBRARY = "libc++";
				CLANG_ENABLE_MODULES = YES;
				CLANG_ENABLE_OBJC_ARC = YES;
				CLANG_ENABLE_OBJC_WEAK = YES;
				CLANG_WARN_BLOCK_CAPTURE_AUTORELEASING = YES;
				CLANG_WARN_BOOL_CONVERSION = YES;
				CLANG_WARN_COMMA = YES;
				CLANG_WARN_CONSTANT_CONVERSION = YES;
				CLANG_WARN_DEPRECATED_OBJC_IMPLEMENTATIONS = YES;
				CLANG_WARN_DIRECT_OBJC_ISA_USAGE = YES_ERROR;
				CLANG_WARN_DOCUMENTATION_COMMENTS = YES;
				CLANG_WARN_EMPTY_BODY = YES;
				CLANG_WARN_ENUM_CONVERSION = YES;
				CLANG_WARN_INFINITE_RECURSION = YES;
				CLANG_WARN_INT_CONVERSION = YES;
				CLANG_WARN_NON_LITERAL_NULL_CONVERSION = YES;
				CLANG_WARN_OBJC_IMPLICIT_RETAIN_SELF = YES;
				CLANG_WARN_OBJC_LITERAL_CONVERSION = YES;
				CLANG_WARN_OBJC_ROOT_CLASS = YES_ERROR;
				CLANG_WARN_QUOTED_INCLUDE_IN_FRAMEWORK_HEADER = YES;
				CLANG_WARN_RANGE_LOOP_ANALYSIS = YES;
				CLANG_WARN_STRICT_PROTOTYPES = YES;
				CLANG_WARN_SUSPICIOUS_MOVE = YES;
				CLANG_WARN_UNGUARDED_AVAILABILITY = YES_AGGRESSIVE;
				CLANG_WARN_UNREACHABLE_CODE = YES;
				CLANG_WARN__DUPLICATE_METHOD_MATCH = YES;
				COPY_PHASE_STRIP = NO;
				DEBUG_INFORMATION_FORMAT = "dwarf-with-dsym";
				ENABLE_NS_ASSERTIONS = NO;
				ENABLE_STRICT_OBJC_MSGSEND = YES;
				GCC_C_LANGUAGE_STANDARD = gnu11;
				GCC_NO_COMMON_BLOCKS = YES;
				GCC_WARN_64_TO_32_BIT_CONVERSION = YES;
				GCC_WARN_ABOUT_RETURN_TYPE = YES_ERROR;
				GCC_WARN_UNDECLARED_SELECTOR = YES;
				GCC_WARN_UNINITIALIZED_AUTOS = YES_AGGRESSIVE;
				GCC_WARN_UNUSED_FUNCTION = YES;
				GCC_WARN_UNUSED_VARIABLE = YES;
				MACOSX_DEPLOYMENT_TARGET = 10.15;
				MTL_ENABLE_DEBUG_INFO = NO;
				MTL_FAST_MATH = YES;
				SDKROOT = macosx;
				SWIFT_COMPILATION_MODE = wholemodule;
				SWIFT_OPTIMIZATION_LEVEL = "-O";
			};
			name = Release;
		};
		F81A8A9627562F1D0019AF41 /* Debug */ = {
			isa = XCBuildConfiguration;
			buildSettings = {
				CODE_SIGN_STYLE = Automatic;
				PRODUCT_NAME = "$(TARGET_NAME)";
				SWIFT_VERSION = 5.0;
			};
			name = Debug;
		};
		F81A8A9727562F1D0019AF41 /* Release */ = {
			isa = XCBuildConfiguration;
			buildSettings = {
				CODE_SIGN_STYLE = Automatic;
				PRODUCT_NAME = "$(TARGET_NAME)";
				SWIFT_VERSION = 5.0;
			};
			name = Release;
		};
		F81A8AA327562F480019AF41 /* Debug */ = {
			isa = XCBuildConfiguration;
			buildSettings = {
				CODE_SIGN_STYLE = Automatic;
				COMBINE_HIDPI_IMAGES = YES;
				INFOPLIST_FILE = UnknownAlgorithmsTests/Info.plist;
				LD_RUNPATH_SEARCH_PATHS = (
					"$(inherited)",
					"@executable_path/../Frameworks",
					"@loader_path/../Frameworks",
				);
				PRODUCT_BUNDLE_IDENTIFIER = com.edmundsM.UnknownAlgorithmsTests;
				PRODUCT_NAME = "$(TARGET_NAME)";
				SWIFT_VERSION = 5.0;
			};
			name = Debug;
		};
		F81A8AA427562F480019AF41 /* Release */ = {
			isa = XCBuildConfiguration;
			buildSettings = {
				CODE_SIGN_STYLE = Automatic;
				COMBINE_HIDPI_IMAGES = YES;
				INFOPLIST_FILE = UnknownAlgorithmsTests/Info.plist;
				LD_RUNPATH_SEARCH_PATHS = (
					"$(inherited)",
					"@executable_path/../Frameworks",
					"@loader_path/../Frameworks",
				);
				PRODUCT_BUNDLE_IDENTIFIER = com.edmundsM.UnknownAlgorithmsTests;
				PRODUCT_NAME = "$(TARGET_NAME)";
				SWIFT_VERSION = 5.0;
			};
			name = Release;
		};
/* End XCBuildConfiguration section */

/* Begin XCConfigurationList section */
		F81A8A8927562F1D0019AF41 /* Build configuration list for PBXProject "UnknownAlgorithms" */ = {
			isa = XCConfigurationList;
			buildConfigurations = (
				F81A8A9327562F1D0019AF41 /* Debug */,
				F81A8A9427562F1D0019AF41 /* Release */,
			);
			defaultConfigurationIsVisible = 0;
			defaultConfigurationName = Release;
		};
		F81A8A9527562F1D0019AF41 /* Build configuration list for PBXNativeTarget "UnknownAlgorithms" */ = {
			isa = XCConfigurationList;
			buildConfigurations = (
				F81A8A9627562F1D0019AF41 /* Debug */,
				F81A8A9727562F1D0019AF41 /* Release */,
			);
			defaultConfigurationIsVisible = 0;
			defaultConfigurationName = Release;
		};
		F81A8AA227562F480019AF41 /* Build configuration list for PBXNativeTarget "UnknownAlgorithmsTests" */ = {
			isa = XCConfigurationList;
			buildConfigurations = (
				F81A8AA327562F480019AF41 /* Debug */,
				F81A8AA427562F480019AF41 /* Release */,
			);
			defaultConfigurationIsVisible = 0;
			defaultConfigurationName = Release;
		};
/* End XCConfigurationList section */
	};
	rootObject = F81A8A8627562F1D0019AF41 /* Project object */;
}
